
Microsoft Visual Studio Solution File, Format Version 12.00
# Visual Studio Version 16
VisualStudioVersion = 16.0.29025.244
MinimumVisualStudioVersion = 10.0.40219.1
Project("{FAE04EC0-301F-11D3-BF4B-00C04F79EFBC}") = "BlockchainCoding", "BlockchainCoding\BlockchainCoding.csproj", "{1F57EAA0-37B2-4551-ACAF-F269AE77CE23}"
EndProject
Global
	GlobalSection(SolutionConfigurationPlatforms) = preSolution
		Debug|Any CPU = Debug|Any CPU
		Release|Any CPU = Release|Any CPU
	EndGlobalSection
	GlobalSection(ProjectConfigurationPlatforms) = postSolution
		{1F57EAA0-37B2-4551-ACAF-F269AE77CE23}.Debug|Any CPU.ActiveCfg = Debug|Any CPU
		{1F57EAA0-37B2-4551-ACAF-F269AE77CE23}.Debug|Any CPU.Build.0 = Debug|Any CPU
		{1F57EAA0-37B2-4551-ACAF-F269AE77CE23}.Release|Any CPU.ActiveCfg = Release|Any CPU
		{1F57EAA0-37B2-4551-ACAF-F269AE77CE23}.Release|Any CPU.Build.0 = Release|Any CPU
	EndGlobalSection
	GlobalSection(SolutionProperties) = preSolution
		HideSolutionNode = FALSE
	EndGlobalSection
	GlobalSection(ExtensibilityGlobals) = postSolution
		SolutionGuid = {97252133-30C8-43F4-8888-6D59DABF7154}
	EndGlobalSection
EndGlobal
